hash: e13b98b38063a0e32d789623e30e7d188b9905859e7fd0ed548a145afa9eea11
updated: 2018-09-13T22:30:59.52142+09:00
imports:
- name: bitbucket.org/atlassian/go-asap
  version: e478a00d13fcc2df1ab76bf8f243a67257fabe54
- name: github.com/BurntSushi/toml
  version: b26d9c308763d68093482582cea63d69be07a0f0
- name: github.com/urfave/cli
  version: cfb38830724cc34fedffe9a2a29fb54fa9169cd1
- name: golang.org/x/crypto
  version: 0e37d006457bf46f9e6692014ba72ef82c33022c
  subpackages:
  - ripemd160
- name: gopkg.in/yaml.v2
  version: 5420a8b6744d3b0345ab293f6fcba19c978f1183
testImports: []
